{
  "version": 4,
  "terraform_version": "1.14.9",
  "serial": 3,
  "lineage": "d78c4639-250a-e6ea-7e65-39e1f7761d83",
  "outputs": {
    "subaccount_id": {
      "value": "e93d8ab5-939e-4004-938c-3ea6111f1046",
      "type": "string"
    },
    "subaccount_name": {
      "value": "btp-subaccount-demo01",
      "type": "string"
    }
  },
  "resources": [
    {
      "mode": "managed",
      "type": "btp_subaccount",
      "name": "poc_subaccount",
      "provider": "provider[\"registry.terraform.io/sap/btp\"]",
      "instances": [
        {
          "schema_version": 0,
          "attributes": {
            "beta_enabled": false,
            "contract_status": "ACTIVE",
            "created_by": "",
            "created_date": "2026-06-22T15:41:00Z",
            "description": "Subaccount provisioned via Terraform",
            "id": "e93d8ab5-939e-4004-938c-3ea6111f1046",
            "labels": null,
            "last_modified": "2026-06-22T15:41:29Z",
            "name": "btp-subaccount-demo01",
            "parent_features": null,
            "parent_id": "ed7b80f9-f350-405b-84b7-8b8357d9bb59",
            "region": "us10",
            "skip_auto_entitlement": null,
            "state": "OK",
            "subdomain": "btp-subaccount-demo01",
            "usage": "UNSET"
          },
          "sensitive_attributes": [],
          "identity_schema_version": 0,
          "identity": {
            "subaccount_id": "e93d8ab5-939e-4004-938c-3ea6111f1046"
          }
        }
      ]
    },
    {
      "mode": "managed",
      "type": "btp_subaccount_entitlement",
      "name": "application_logs",
      "provider": "provider[\"registry.terraform.io/sap/btp\"]",
      "instances": [
        {
          "schema_version": 1,
          "attributes": {
            "amount": null,
            "category": "ELASTIC_SERVICE",
            "created_date": "2026-06-22T15:41:19Z",
            "id": "application-logs-lite",
            "last_modified": "2026-06-22T15:41:34Z",
            "plan_id": "application-logs-lite",
            "plan_name": "lite",
            "plan_unique_identifier": "application-logs-lite",
            "service_name": "application-logs",
            "state": "OK",
            "subaccount_id": "e93d8ab5-939e-4004-938c-3ea6111f1046"
          },
          "sensitive_attributes": [],
          "identity_schema_version": 0,
          "identity": {
            "plan_name": "lite",
            "service_name": "application-logs",
            "subaccount_id": "e93d8ab5-939e-4004-938c-3ea6111f1046"
          },
          "dependencies": [
            "btp_subaccount.poc_subaccount"
          ]
        }
      ]
    }
  ],
  "check_results": null
}
